
Microsoft Visual Studio Solution File, Format Version 12.00
# Visual Studio Version 16
VisualStudioVersion = 16.0.30907.101
MinimumVisualStudioVersion = 10.0.40219.1
Project("{FAE04EC0-301F-11D3-BF4B-00C04F79EFBC}") = "MetaWeather.NET", "MetaWeather.NET\MetaWeather.NET.csproj", "{6F0B2244-4A22-4364-94D1-A980B0BE62D2}"
EndProject
Project("{FAE04EC0-301F-11D3-BF4B-00C04F79EFBC}") = "MetaWeather.NET.Tests", "MetaWeather.NET.Tests\MetaWeather.NET.Tests.csproj", "{9CE8310B-B986-42BB-80C9-2FB957A82AEC}"
EndProject
Global
	GlobalSection(SolutionConfigurationPlatforms) = preSolution
		Debug|Any CPU = Debug|Any CPU
		Release|Any CPU = Release|Any CPU
	EndGlobalSection
	GlobalSection(ProjectConfigurationPlatforms) = postSolution
		{6F0B2244-4A22-4364-94D1-A980B0BE62D2}.Debug|Any CPU.ActiveCfg = Debug|Any CPU
		{6F0B2244-4A22-4364-94D1-A980B0BE62D2}.Debug|Any CPU.Build.0 = Debug|Any CPU
		{6F0B2244-4A22-4364-94D1-A980B0BE62D2}.Release|Any CPU.ActiveCfg = Release|Any CPU
		{6F0B2244-4A22-4364-94D1-A980B0BE62D2}.Release|Any CPU.Build.0 = Release|Any CPU
		{9CE8310B-B986-42BB-80C9-2FB957A82AEC}.Debug|Any CPU.ActiveCfg = Debug|Any CPU
		{9CE8310B-B986-42BB-80C9-2FB957A82AEC}.Debug|Any CPU.Build.0 = Debug|Any CPU
		{9CE8310B-B986-42BB-80C9-2FB957A82AEC}.Release|Any CPU.ActiveCfg = Release|Any CPU
		{9CE8310B-B986-42BB-80C9-2FB957A82AEC}.Release|Any CPU.Build.0 = Release|Any CPU
	EndGlobalSection
	GlobalSection(SolutionProperties) = preSolution
		HideSolutionNode = FALSE
	EndGlobalSection
	GlobalSection(ExtensibilityGlobals) = postSolution
		SolutionGuid = {0D881D0F-9740-4A34-84E5-0103FE3C97DA}
	EndGlobalSection
EndGlobal
